
Microsoft Visual Studio Solution File, Format Version 12.00
# Visual Studio Version 17
VisualStudioVersion = 17.5.33414.496
MinimumVisualStudioVersion = 10.0.40219.1
Project("{FAE04EC0-301F-11D3-BF4B-00C04F79EFBC}") = "curs1wfa", "curs1wfa\curs1wfa.csproj", "{90B5C14C-4AC0-4F7A-AE44-21C1C91CE353}"
EndProject
Global
	GlobalSection(SolutionConfigurationPlatforms) = preSolution
		Debug|Any CPU = Debug|Any CPU
		Release|Any CPU = Release|Any CPU
	EndGlobalSection
	GlobalSection(ProjectConfigurationPlatforms) = postSolution
		{90B5C14C-4AC0-4F7A-AE44-21C1C91CE353}.Debug|Any CPU.ActiveCfg = Debug|Any CPU
		{90B5C14C-4AC0-4F7A-AE44-21C1C91CE353}.Debug|Any CPU.Build.0 = Debug|Any CPU
		{90B5C14C-4AC0-4F7A-AE44-21C1C91CE353}.Release|Any CPU.ActiveCfg = Release|Any CPU
		{90B5C14C-4AC0-4F7A-AE44-21C1C91CE353}.Release|Any CPU.Build.0 = Release|Any CPU
	EndGlobalSection
	GlobalSection(SolutionProperties) = preSolution
		HideSolutionNode = FALSE
	EndGlobalSection
	GlobalSection(ExtensibilityGlobals) = postSolution
		SolutionGuid = {69C868A8-3118-4BBC-B1FF-46A942A194A0}
	EndGlobalSection
EndGlobal
