
Microsoft Visual Studio Solution File, Format Version 12.00
# Visual Studio Version 17
VisualStudioVersion = 17.5.33424.131
MinimumVisualStudioVersion = 10.0.40219.1
Project("{FAE04EC0-301F-11D3-BF4B-00C04F79EFBC}") = "curs4ConsoleApp", "curs4ConsoleApp\curs4ConsoleApp.csproj", "{F337D728-93BB-4C19-9937-B867EF1CCF30}"
EndProject
Global
	GlobalSection(SolutionConfigurationPlatforms) = preSolution
		Debug|Any CPU = Debug|Any CPU
		Release|Any CPU = Release|Any CPU
	EndGlobalSection
	GlobalSection(ProjectConfigurationPlatforms) = postSolution
		{F337D728-93BB-4C19-9937-B867EF1CCF30}.Debug|Any CPU.ActiveCfg = Debug|Any CPU
		{F337D728-93BB-4C19-9937-B867EF1CCF30}.Debug|Any CPU.Build.0 = Debug|Any CPU
		{F337D728-93BB-4C19-9937-B867EF1CCF30}.Release|Any CPU.ActiveCfg = Release|Any CPU
		{F337D728-93BB-4C19-9937-B867EF1CCF30}.Release|Any CPU.Build.0 = Release|Any CPU
	EndGlobalSection
	GlobalSection(SolutionProperties) = preSolution
		HideSolutionNode = FALSE
	EndGlobalSection
	GlobalSection(ExtensibilityGlobals) = postSolution
		SolutionGuid = {FB6571E7-E7E2-4699-9EAB-4B7D72F27F09}
	EndGlobalSection
EndGlobal
